
Microsoft Visual Studio Solution File, Format Version 12.00
# Visual Studio Version 16
VisualStudioVersion = 16.0.30223.230
MinimumVisualStudioVersion = 10.0.40219.1
Project("{2150E333-8FDC-42A3-9474-1A3956D46DE8}") = "MicroServices", "MicroServices", "{62E98323-2F4B-4504-A39D-9298F8D2D1EA}"
EndProject
Project("{2150E333-8FDC-42A3-9474-1A3956D46DE8}") = "Domain", "Domain", "{3674FD44-5599-4CCF-8C72-5777483672AF}"
EndProject
Project("{2150E333-8FDC-42A3-9474-1A3956D46DE8}") = "Infrastructure.Bus", "Infrastructure.Bus", "{1A1749E0-3B23-4A9B-A9C0-A6AE56E9697F}"
EndProject
Project("{2150E333-8FDC-42A3-9474-1A3956D46DE8}") = "Infrastructure.IOC", "Infrastructure.IOC", "{D03F4A94-5477-4192-9CE2-0AA5C44C20B8}"
EndProject
Project("{2150E333-8FDC-42A3-9474-1A3956D46DE8}") = "Presentation", "Presentation", "{CB5C2F95-8338-4C43-AB7E-5BF79C68895B}"
EndProject
Project("{FAE04EC0-301F-11D3-BF4B-00C04F79EFBC}") = "MicroServices.Domain.Core", "MicroServices.Domain.Core\MicroServices.Domain.Core.csproj", "{B7B79F3C-1D80-45B6-95F3-7D434C78E3AE}"
EndProject
Global
	GlobalSection(SolutionConfigurationPlatforms) = preSolution
		Debug|Any CPU = Debug|Any CPU
		Release|Any CPU = Release|Any CPU
	EndGlobalSection
	GlobalSection(ProjectConfigurationPlatforms) = postSolution
		{B7B79F3C-1D80-45B6-95F3-7D434C78E3AE}.Debug|Any CPU.ActiveCfg = Debug|Any CPU
		{B7B79F3C-1D80-45B6-95F3-7D434C78E3AE}.Debug|Any CPU.Build.0 = Debug|Any CPU
		{B7B79F3C-1D80-45B6-95F3-7D434C78E3AE}.Release|Any CPU.ActiveCfg = Release|Any CPU
		{B7B79F3C-1D80-45B6-95F3-7D434C78E3AE}.Release|Any CPU.Build.0 = Release|Any CPU
	EndGlobalSection
	GlobalSection(SolutionProperties) = preSolution
		HideSolutionNode = FALSE
	EndGlobalSection
	GlobalSection(NestedProjects) = preSolution
		{B7B79F3C-1D80-45B6-95F3-7D434C78E3AE} = {3674FD44-5599-4CCF-8C72-5777483672AF}
	EndGlobalSection
	GlobalSection(ExtensibilityGlobals) = postSolution
		SolutionGuid = {0D645A8E-370E-4F1E-83DE-46534DA6A0D7}
	EndGlobalSection
EndGlobal
